
Microsoft Visual Studio Solution File, Format Version 12.00
# Visual Studio Version 17
VisualStudioVersion = 17.7.34031.279
MinimumVisualStudioVersion = 10.0.40219.1
Project("{FAE04EC0-301F-11D3-BF4B-00C04F79EFBC}") = "TesteGithub", "TesteGithub\TesteGithub.csproj", "{E337FD10-7021-4309-9DFD-E56086E85BBD}"
EndProject
Global
	GlobalSection(SolutionConfigurationPlatforms) = preSolution
		Debug|Any CPU = Debug|Any CPU
		Release|Any CPU = Release|Any CPU
	EndGlobalSection
	GlobalSection(ProjectConfigurationPlatforms) = postSolution
		{E337FD10-7021-4309-9DFD-E56086E85BBD}.Debug|Any CPU.ActiveCfg = Debug|Any CPU
		{E337FD10-7021-4309-9DFD-E56086E85BBD}.Debug|Any CPU.Build.0 = Debug|Any CPU
		{E337FD10-7021-4309-9DFD-E56086E85BBD}.Release|Any CPU.ActiveCfg = Release|Any CPU
		{E337FD10-7021-4309-9DFD-E56086E85BBD}.Release|Any CPU.Build.0 = Release|Any CPU
	EndGlobalSection
	GlobalSection(SolutionProperties) = preSolution
		HideSolutionNode = FALSE
	EndGlobalSection
	GlobalSection(ExtensibilityGlobals) = postSolution
		SolutionGuid = {371FD675-F00D-4F9A-A625-EF57EDE702EA}
	EndGlobalSection
EndGlobal
